
Microsoft Visual Studio Solution File, Format Version 12.00
# Visual Studio Version 16
VisualStudioVersion = 16.0.30804.86
MinimumVisualStudioVersion = 10.0.40219.1
Project("{8BC9CEB8-8B4A-11D0-8D11-00A0C91BC942}") = "LeapYear", "LeapYear.vcxproj", "{255A4DD3-28EF-4CEA-80CF-DAE1BD63A539}"
EndProject
Project("{8BC9CEB8-8B4A-11D0-8D11-00A0C91BC942}") = "LeapYearTest", "..\LeapYearTest\LeapYearTest.vcxproj", "{E36D96C6-9786-478A-BCD8-1A5CAAED914B}"
EndProject
Global
	GlobalSection(SolutionConfigurationPlatforms) = preSolution
		Debug|x64 = Debug|x64
		Debug|x86 = Debug|x86
		Release|x64 = Release|x64
		Release|x86 = Release|x86
	EndGlobalSection
	GlobalSection(ProjectConfigurationPlatforms) = postSolution
		{255A4DD3-28EF-4CEA-80CF-DAE1BD63A539}.Debug|x64.ActiveCfg = Debug|x64
		{255A4DD3-28EF-4CEA-80CF-DAE1BD63A539}.Debug|x64.Build.0 = Debug|x64
		{255A4DD3-28EF-4CEA-80CF-DAE1BD63A539}.Debug|x86.ActiveCfg = Debug|Win32
		{255A4DD3-28EF-4CEA-80CF-DAE1BD63A539}.Debug|x86.Build.0 = Debug|Win32
		{255A4DD3-28EF-4CEA-80CF-DAE1BD63A539}.Release|x64.ActiveCfg = Release|x64
		{255A4DD3-28EF-4CEA-80CF-DAE1BD63A539}.Release|x64.Build.0 = Release|x64
		{255A4DD3-28EF-4CEA-80CF-DAE1BD63A539}.Release|x86.ActiveCfg = Release|Win32
		{255A4DD3-28EF-4CEA-80CF-DAE1BD63A539}.Release|x86.Build.0 = Release|Win32
		{E36D96C6-9786-478A-BCD8-1A5CAAED914B}.Debug|x64.ActiveCfg = Debug|x64
		{E36D96C6-9786-478A-BCD8-1A5CAAED914B}.Debug|x64.Build.0 = Debug|x64
		{E36D96C6-9786-478A-BCD8-1A5CAAED914B}.Debug|x86.ActiveCfg = Debug|Win32
		{E36D96C6-9786-478A-BCD8-1A5CAAED914B}.Debug|x86.Build.0 = Debug|Win32
		{E36D96C6-9786-478A-BCD8-1A5CAAED914B}.Release|x64.ActiveCfg = Release|x64
		{E36D96C6-9786-478A-BCD8-1A5CAAED914B}.Release|x64.Build.0 = Release|x64
		{E36D96C6-9786-478A-BCD8-1A5CAAED914B}.Release|x86.ActiveCfg = Release|Win32
		{E36D96C6-9786-478A-BCD8-1A5CAAED914B}.Release|x86.Build.0 = Release|Win32
	EndGlobalSection
	GlobalSection(SolutionProperties) = preSolution
		HideSolutionNode = FALSE
	EndGlobalSection
	GlobalSection(ExtensibilityGlobals) = postSolution
		SolutionGuid = {6A339F80-0FE4-4A7B-9206-ED65133F3B08}
	EndGlobalSection
EndGlobal
